
Microsoft Visual Studio Solution File, Format Version 12.00
# Visual Studio 15
VisualStudioVersion = 15.0.27004.2005
MinimumVisualStudioVersion = 10.0.40219.1
Project("{9A19103F-16F7-4668-BE54-9A1E7A4F7556}") = "projektPRA", "projektPRA\projektPRA.csproj", "{A64B813B-4B8D-4AB1-A322-28AA54C27844}"
EndProject
Project("{FAE04EC0-301F-11D3-BF4B-00C04F79EFBC}") = "projektPRAunitTest", "projektPRAunitTest\projektPRAunitTest.csproj", "{75E5DF69-AC05-4B47-AAEF-4618046B7F15}"
EndProject
Global
	GlobalSection(SolutionConfigurationPlatforms) = preSolution
		Debug|Any CPU = Debug|Any CPU
		Release|Any CPU = Release|Any CPU
	EndGlobalSection
	GlobalSection(ProjectConfigurationPlatforms) = postSolution
		{A64B813B-4B8D-4AB1-A322-28AA54C27844}.Debug|Any CPU.ActiveCfg = Debug|Any CPU
		{A64B813B-4B8D-4AB1-A322-28AA54C27844}.Debug|Any CPU.Build.0 = Debug|Any CPU
		{A64B813B-4B8D-4AB1-A322-28AA54C27844}.Release|Any CPU.ActiveCfg = Release|Any CPU
		{A64B813B-4B8D-4AB1-A322-28AA54C27844}.Release|Any CPU.Build.0 = Release|Any CPU
		{75E5DF69-AC05-4B47-AAEF-4618046B7F15}.Debug|Any CPU.ActiveCfg = Debug|Any CPU
		{75E5DF69-AC05-4B47-AAEF-4618046B7F15}.Debug|Any CPU.Build.0 = Debug|Any CPU
		{75E5DF69-AC05-4B47-AAEF-4618046B7F15}.Release|Any CPU.ActiveCfg = Release|Any CPU
		{75E5DF69-AC05-4B47-AAEF-4618046B7F15}.Release|Any CPU.Build.0 = Release|Any CPU
	EndGlobalSection
	GlobalSection(SolutionProperties) = preSolution
		HideSolutionNode = FALSE
	EndGlobalSection
	GlobalSection(ExtensibilityGlobals) = postSolution
		SolutionGuid = {AEA8B597-2FB1-42DA-AF4A-B04B7C603B04}
	EndGlobalSection
EndGlobal
